
Microsoft Visual Studio Solution File, Format Version 12.00
# Visual Studio Version 16
VisualStudioVersion = 16.0.30413.136
MinimumVisualStudioVersion = 10.0.40219.1
Project("{FAE04EC0-301F-11D3-BF4B-00C04F79EFBC}") = "EFPedidos", "EFPedidos.csproj", "{99855C6E-14C3-4B26-B283-A577398B6FBA}"
EndProject
Global
	GlobalSection(SolutionConfigurationPlatforms) = preSolution
		Debug|Any CPU = Debug|Any CPU
		Release|Any CPU = Release|Any CPU
	EndGlobalSection
	GlobalSection(ProjectConfigurationPlatforms) = postSolution
		{99855C6E-14C3-4B26-B283-A577398B6FBA}.Debug|Any CPU.ActiveCfg = Debug|Any CPU
		{99855C6E-14C3-4B26-B283-A577398B6FBA}.Debug|Any CPU.Build.0 = Debug|Any CPU
		{99855C6E-14C3-4B26-B283-A577398B6FBA}.Release|Any CPU.ActiveCfg = Release|Any CPU
		{99855C6E-14C3-4B26-B283-A577398B6FBA}.Release|Any CPU.Build.0 = Release|Any CPU
	EndGlobalSection
	GlobalSection(SolutionProperties) = preSolution
		HideSolutionNode = FALSE
	EndGlobalSection
	GlobalSection(ExtensibilityGlobals) = postSolution
		SolutionGuid = {3836B7F8-15DA-4086-B849-AF2AC8526869}
	EndGlobalSection
EndGlobal
